// !$*UTF8*$!
{
	archiveVersion = 1;
	classes = {
	};
	objectVersion = 56;
	objects = {

/* Begin PBXBuildFile section */
		736C76612A23DD1800CC2564 /* fake_appApp.swift in Sources */ = {isa = PBXBuildFile; fileRef = 736C76602A23DD1800CC2564 /* fake_appApp.swift */; };
		736C76632A23DD1800CC2564 /* ContentView.swift in Sources */ = {isa = PBXBuildFile; fileRef = 736C76622A23DD1800CC2564 /* ContentView.swift */; };
		736C76652A23DD1900CC2564 /* Assets.xcassets in Resources */ = {isa = PBXBuildFile; fileRef = 736C76642A23DD1900CC2564 /* Assets.xcassets */; };
		736C76692A23DD1900CC2564 /* Preview Assets.xcassets in Resources */ = {isa = PBXBuildFile; fileRef = 736C76682A23DD1900CC2564 /* Preview Assets.xcassets */; };
		736C76732A23DD1900CC2564 /* fake_appTests.swift in Sources */ = {isa = PBXBuildFile; fileRef = 736C76722A23DD1900CC2564 /* fake_appTests.swift */; };
		736C767D2A23DD1900CC2564 /* fake_appUITests.swift in Sources */ = {isa = PBXBuildFile; fileRef = 736C767C2A23DD1900CC2564 /* fake_appUITests.swift */; };
		736C767F2A23DD1900CC2564 /* fake_appUITestsLaunchTests.swift in Sources */ = {isa = PBXBuildFile; fileRef = 736C767E2A23DD1900CC2564 /* fake_appUITestsLaunchTests.swift */; };
/* End PBXBuildFile section */

/* Begin PBXContainerItemProxy section */
		736C766F2A23DD1900CC2564 /* PBXContainerItemProxy */ = {
			isa = PBXContainerItemProxy;
			containerPortal = 736C76552A23DD1800CC2564 /* Project object */;
			proxyType = 1;
			remoteGlobalIDString = 736C765C2A23DD1800CC2564;
			remoteInfo = "fake app";
		};
		736C76792A23DD1900CC2564 /* PBXContainerItemProxy */ = {
			isa = PBXContainerItemProxy;
			containerPortal = 736C76552A23DD1800CC2564 /* Project object */;
			proxyType = 1;
			remoteGlobalIDString = 736C765C2A23DD1800CC2564;
			remoteInfo = "fake app";
		};
/* End PBXContainerItemProxy section */

/* Begin PBXFileReference section */
		736C765D2A23DD1800CC2564 /* fake app.app */ = {isa = PBXFileReference; explicitFileType = wrapper.application; includeInIndex = 0; path = "fake app.app"; sourceTree = BUILT_PRODUCTS_DIR; };
		736C76602A23DD1800CC2564 /* fake_appApp.swift */ = {isa = PBXFileReference; lastKnownFileType = sourcecode.swift; path = fake_appApp.swift; sourceTree = "<group>"; };
		736C76622A23DD1800CC2564 /* ContentView.swift */ = {isa = PBXFileReference; lastKnownFileType = sourcecode.swift; path = ContentView.swift; sourceTree = "<group>"; };
		736C76642A23DD1900CC2564 /* Assets.xcassets */ = {isa = PBXFileReference; lastKnownFileType = folder.assetcatalog; path = Assets.xcassets; sourceTree = "<group>"; };
		736C76662A23DD1900CC2564 /* fake_app.entitlements */ = {isa = PBXFileReference; lastKnownFileType = text.plist.entitlements; path = fake_app.entitlements; sourceTree = "<group>"; };
		736C76682A23DD1900CC2564 /* Preview Assets.xcassets */ = {isa = PBXFileReference; lastKnownFileType = folder.assetcatalog; path = "Preview Assets.xcassets"; sourceTree = "<group>"; };
		736C766E2A23DD1900CC2564 /* fake appTests.xctest */ = {isa = PBXFileReference; explicitFileType = wrapper.cfbundle; includeInIndex = 0; path = "fake appTests.xctest"; sourceTree = BUILT_PRODUCTS_DIR; };
		736C76722A23DD1900CC2564 /* fake_appTests.swift */ = {isa = PBXFileReference; lastKnownFileType = sourcecode.swift; path = fake_appTests.swift; sourceTree = "<group>"; };
		736C76782A23DD1900CC2564 /* fake appUITests.xctest */ = {isa = PBXFileReference; explicitFileType = wrapper.cfbundle; includeInIndex = 0; path = "fake appUITests.xctest"; sourceTree = BUILT_PRODUCTS_DIR; };
		736C767C2A23DD1900CC2564 /* fake_appUITests.swift */ = {isa = PBXFileReference; lastKnownFileType = sourcecode.swift; path = fake_appUITests.swift; sourceTree = "<group>"; };
		736C767E2A23DD1900CC2564 /* fake_appUITestsLaunchTests.swift */ = {isa = PBXFileReference; lastKnownFileType = sourcecode.swift; path = fake_appUITestsLaunchTests.swift; sourceTree = "<group>"; };
/* End PBXFileReference section */

/* Begin PBXFrameworksBuildPhase section */
		736C765A2A23DD1800CC2564 /* Frameworks */ = {
			isa = PBXFrameworksBuildPhase;
			buildActionMask = 2147483647;
			files = (
			);
			runOnlyForDeploymentPostprocessing = 0;
		};
		736C766B2A23DD1900CC2564 /* Frameworks */ = {
			isa = PBXFrameworksBuildPhase;
			buildActionMask = 2147483647;
			files = (
			);
			runOnlyForDeploymentPostprocessing = 0;
		};
		736C76752A23DD1900CC2564 /* Frameworks */ = {
			isa = PBXFrameworksBuildPhase;
			buildActionMask = 2147483647;
			files = (
			);
			runOnlyForDeploymentPostprocessing = 0;
		};
/* End PBXFrameworksBuildPhase section */

/* Begin PBXGroup section */
		736C76542A23DD1800CC2564 = {
			isa = PBXGroup;
			children = (
				736C765F2A23DD1800CC2564 /* fake app */,
				736C76712A23DD1900CC2564 /* fake appTests */,
				736C767B2A23DD1900CC2564 /* fake appUITests */,
				736C765E2A23DD1800CC2564 /* Products */,
			);
			sourceTree = "<group>";
		};
		736C765E2A23DD1800CC2564 /* Products */ = {
			isa = PBXGroup;
			children = (
				736C765D2A23DD1800CC2564 /* fake app.app */,
				736C766E2A23DD1900CC2564 /* fake appTests.xctest */,
				736C76782A23DD1900CC2564 /* fake appUITests.xctest */,
			);
			name = Products;
			sourceTree = "<group>";
		};
		736C765F2A23DD1800CC2564 /* fake app */ = {
			isa = PBXGroup;
			children = (
				736C76602A23DD1800CC2564 /* fake_appApp.swift */,
				736C76622A23DD1800CC2564 /* ContentView.swift */,
				736C76642A23DD1900CC2564 /* Assets.xcassets */,
				736C76662A23DD1900CC2564 /* fake_app.entitlements */,
				736C76672A23DD1900CC2564 /* Preview Content */,
			);
			path = "fake app";
			sourceTree = "<group>";
		};
		736C76672A23DD1900CC2564 /* Preview Content */ = {
			isa = PBXGroup;
			children = (
				736C76682A23DD1900CC2564 /* Preview Assets.xcassets */,
			);
			path = "Preview Content";
			sourceTree = "<group>";
		};
		736C76712A23DD1900CC2564 /* fake appTests */ = {
			isa = PBXGroup;
			children = (
				736C76722A23DD1900CC2564 /* fake_appTests.swift */,
			);
			path = "fake appTests";
			sourceTree = "<group>";
		};
		736C767B2A23DD1900CC2564 /* fake appUITests */ = {
			isa = PBXGroup;
			children = (
				736C767C2A23DD1900CC2564 /* fake_appUITests.swift */,
				736C767E2A23DD1900CC2564 /* fake_appUITestsLaunchTests.swift */,
			);
			path = "fake appUITests";
			sourceTree = "<group>";
		};
/* End PBXGroup section */

/* Begin PBXNativeTarget section */
		736C765C2A23DD1800CC2564 /* fake app */ = {
			isa = PBXNativeTarget;
			buildConfigurationList = 736C76822A23DD1900CC2564 /* Build configuration list for PBXNativeTarget "fake app" */;
			buildPhases = (
				736C76592A23DD1800CC2564 /* Sources */,
				736C765A2A23DD1800CC2564 /* Frameworks */,
				736C765B2A23DD1800CC2564 /* Resources */,
			);
			buildRules = (
			);
			dependencies = (
			);
			name = "fake app";
			productName = "fake app";
			productReference = 736C765D2A23DD1800CC2564 /* fake app.app */;
			productType = "com.apple.product-type.application";
		};
		736C766D2A23DD1900CC2564 /* fake appTests */ = {
			isa = PBXNativeTarget;
			buildConfigurationList = 736C76852A23DD1900CC2564 /* Build configuration list for PBXNativeTarget "fake appTests" */;
			buildPhases = (
				736C766A2A23DD1900CC2564 /* Sources */,
				736C766B2A23DD1900CC2564 /* Frameworks */,
				736C766C2A23DD1900CC2564 /* Resources */,
			);
			buildRules = (
			);
			dependencies = (
				736C76702A23DD1900CC2564 /* PBXTargetDependency */,
			);
			name = "fake appTests";
			productName = "fake appTests";
			productReference = 736C766E2A23DD1900CC2564 /* fake appTests.xctest */;
			productType = "com.apple.product-type.bundle.unit-test";
		};
		736C76772A23DD1900CC2564 /* fake appUITests */ = {
			isa = PBXNativeTarget;
			buildConfigurationList = 736C76882A23DD1900CC2564 /* Build configuration list for PBXNativeTarget "fake appUITests" */;
			buildPhases = (
				736C76742A23DD1900CC2564 /* Sources */,
				736C76752A23DD1900CC2564 /* Frameworks */,
				736C76762A23DD1900CC2564 /* Resources */,
			);
			buildRules = (
			);
			dependencies = (
				736C767A2A23DD1900CC2564 /* PBXTargetDependency */,
			);
			name = "fake appUITests";
			productName = "fake appUITests";
			productReference = 736C76782A23DD1900CC2564 /* fake appUITests.xctest */;
			productType = "com.apple.product-type.bundle.ui-testing";
		};
/* End PBXNativeTarget section */

/* Begin PBXProject section */
		736C76552A23DD1800CC2564 /* Project object */ = {
			isa = PBXProject;
			attributes = {
				BuildIndependentTargetsInParallel = 1;
				LastSwiftUpdateCheck = 1430;
				LastUpgradeCheck = 1430;
				TargetAttributes = {
					736C765C2A23DD1800CC2564 = {
						CreatedOnToolsVersion = 14.3;
					};
					736C766D2A23DD1900CC2564 = {
						CreatedOnToolsVersion = 14.3;
						TestTargetID = 736C765C2A23DD1800CC2564;
					};
					736C76772A23DD1900CC2564 = {
						CreatedOnToolsVersion = 14.3;
						TestTargetID = 736C765C2A23DD1800CC2564;
					};
				};
			};
			buildConfigurationList = 736C76582A23DD1800CC2564 /* Build configuration list for PBXProject "fake app" */;
			compatibilityVersion = "Xcode 14.0";
			developmentRegion = en;
			hasScannedForEncodings = 0;
			knownRegions = (
				en,
				Base,
			);
			mainGroup = 736C76542A23DD1800CC2564;
			productRefGroup = 736C765E2A23DD1800CC2564 /* Products */;
			projectDirPath = "";
			projectRoot = "";
			targets = (
				736C765C2A23DD1800CC2564 /* fake app */,
				736C766D2A23DD1900CC2564 /* fake appTests */,
				736C76772A23DD1900CC2564 /* fake appUITests */,
			);
		};
/* End PBXProject section */

/* Begin PBXResourcesBuildPhase section */
		736C765B2A23DD1800CC2564 /* Resources */ = {
			isa = PBXResourcesBuildPhase;
			buildActionMask = 2147483647;
			files = (
				736C76692A23DD1900CC2564 /* Preview Assets.xcassets in Resources */,
				736C76652A23DD1900CC2564 /* Assets.xcassets in Resources */,
			);
			runOnlyForDeploymentPostprocessing = 0;
		};
		736C766C2A23DD1900CC2564 /* Resources */ = {
			isa = PBXResourcesBuildPhase;
			buildActionMask = 2147483647;
			files = (
			);
			runOnlyForDeploymentPostprocessing = 0;
		};
		736C76762A23DD1900CC2564 /* Resources */ = {
			isa = PBXResourcesBuildPhase;
			buildActionMask = 2147483647;
			files = (
			);
			runOnlyForDeploymentPostprocessing = 0;
		};
/* End PBXResourcesBuildPhase section */

/* Begin PBXSourcesBuildPhase section */
		736C76592A23DD1800CC2564 /* Sources */ = {
			isa = PBXSourcesBuildPhase;
			buildActionMask = 2147483647;
			files = (
				736C76632A23DD1800CC2564 /* ContentView.swift in Sources */,
				736C76612A23DD1800CC2564 /* fake_appApp.swift in Sources */,
			);
			runOnlyForDeploymentPostprocessing = 0;
		};
		736C766A2A23DD1900CC2564 /* Sources */ = {
			isa = PBXSourcesBuildPhase;
			buildActionMask = 2147483647;
			files = (
				736C76732A23DD1900CC2564 /* fake_appTests.swift in Sources */,
			);
			runOnlyForDeploymentPostprocessing = 0;
		};
		736C76742A23DD1900CC2564 /* Sources */ = {
			isa = PBXSourcesBuildPhase;
			buildActionMask = 2147483647;
			files = (
				736C767F2A23DD1900CC2564 /* fake_appUITestsLaunchTests.swift in Sources */,
				736C767D2A23DD1900CC2564 /* fake_appUITests.swift in Sources */,
			);
			runOnlyForDeploymentPostprocessing = 0;
		};
/* End PBXSourcesBuildPhase section */

/* Begin PBXTargetDependency section */
		736C76702A23DD1900CC2564 /* PBXTargetDependency */ = {
			isa = PBXTargetDependency;
			target = 736C765C2A23DD1800CC2564 /* fake app */;
			targetProxy = 736C766F2A23DD1900CC2564 /* PBXContainerItemProxy */;
		};
		736C767A2A23DD1900CC2564 /* PBXTargetDependency */ = {
			isa = PBXTargetDependency;
			target = 736C765C2A23DD1800CC2564 /* fake app */;
			targetProxy = 736C76792A23DD1900CC2564 /* PBXContainerItemProxy */;
		};
/* End PBXTargetDependency section */

/* Begin XCBuildConfiguration section */
		736C76802A23DD1900CC2564 /* Debug */ = {
			isa = XCBuildConfiguration;
			buildSettings = {
				ALWAYS_SEARCH_USER_PATHS = NO;
				CLANG_ANALYZER_NONNULL = YES;
				CLANG_ANALYZER_NUMBER_OBJECT_CONVERSION = YES_AGGRESSIVE;
				CLANG_CXX_LANGUAGE_STANDARD = "gnu++20";
				CLANG_ENABLE_MODULES = YES;
				CLANG_ENABLE_OBJC_ARC = YES;
				CLANG_ENABLE_OBJC_WEAK = YES;
				CLANG_WARN_BLOCK_CAPTURE_AUTORELEASING = YES;
				CLANG_WARN_BOOL_CONVERSION = YES;
				CLANG_WARN_COMMA = YES;
				CLANG_WARN_CONSTANT_CONVERSION = YES;
				CLANG_WARN_DEPRECATED_OBJC_IMPLEMENTATIONS = YES;
				CLANG_WARN_DIRECT_OBJC_ISA_USAGE = YES_ERROR;
				CLANG_WARN_DOCUMENTATION_COMMENTS = YES;
				CLANG_WARN_EMPTY_BODY = YES;
				CLANG_WARN_ENUM_CONVERSION = YES;
				CLANG_WARN_INFINITE_RECURSION = YES;
				CLANG_WARN_INT_CONVERSION = YES;
				CLANG_WARN_NON_LITERAL_NULL_CONVERSION = YES;
				CLANG_WARN_OBJC_IMPLICIT_RETAIN_SELF = YES;
				CLANG_WARN_OBJC_LITERAL_CONVERSION = YES;
				CLANG_WARN_OBJC_ROOT_CLASS = YES_ERROR;
				CLANG_WARN_QUOTED_INCLUDE_IN_FRAMEWORK_HEADER = YES;
				CLANG_WARN_RANGE_LOOP_ANALYSIS = YES;
				CLANG_WARN_STRICT_PROTOTYPES = YES;
				CLANG_WARN_SUSPICIOUS_MOVE = YES;
				CLANG_WARN_UNGUARDED_AVAILABILITY = YES_AGGRESSIVE;
				CLANG_WARN_UNREACHABLE_CODE = YES;
				CLANG_WARN__DUPLICATE_METHOD_MATCH = YES;
				COPY_PHASE_STRIP = NO;
				DEBUG_INFORMATION_FORMAT = dwarf;
				ENABLE_STRICT_OBJC_MSGSEND = YES;
				ENABLE_TESTABILITY = YES;
				GCC_C_LANGUAGE_STANDARD = gnu11;
				GCC_DYNAMIC_NO_PIC = NO;
				GCC_NO_COMMON_BLOCKS = YES;
				GCC_OPTIMIZATION_LEVEL = 0;
				GCC_PREPROCESSOR_DEFINITIONS = (
					"DEBUG=1",
					"$(inherited)",
				);
				GCC_WARN_64_TO_32_BIT_CONVERSION = YES;
				GCC_WARN_ABOUT_RETURN_TYPE = YES_ERROR;
				GCC_WARN_UNDECLARED_SELECTOR = YES;
				GCC_WARN_UNINITIALIZED_AUTOS = YES_AGGRESSIVE;
				GCC_WARN_UNUSED_FUNCTION = YES;
				GCC_WARN_UNUSED_VARIABLE = YES;
				MTL_ENABLE_DEBUG_INFO = INCLUDE_SOURCE;
				MTL_FAST_MATH = YES;
				ONLY_ACTIVE_ARCH = YES;
				SWIFT_ACTIVE_COMPILATION_CONDITIONS = DEBUG;
				SWIFT_OPTIMIZATION_LEVEL = "-Onone";
			};
			name = Debug;
		};
		736C76812A23DD1900CC2564 /* Release */ = {
			isa = XCBuildConfiguration;
			buildSettings = {
				ALWAYS_SEARCH_USER_PATHS = NO;
				CLANG_ANALYZER_NONNULL = YES;
				CLANG_ANALYZER_NUMBER_OBJECT_CONVERSION = YES_AGGRESSIVE;
				CLANG_CXX_LANGUAGE_STANDARD = "gnu++20";
				CLANG_ENABLE_MODULES = YES;
				CLANG_ENABLE_OBJC_ARC = YES;
				CLANG_ENABLE_OBJC_WEAK = YES;
				CLANG_WARN_BLOCK_CAPTURE_AUTORELEASING = YES;
				CLANG_WARN_BOOL_CONVERSION = YES;
				CLANG_WARN_COMMA = YES;
				CLANG_WARN_CONSTANT_CONVERSION = YES;
				CLANG_WARN_DEPRECATED_OBJC_IMPLEMENTATIONS = YES;
				CLANG_WARN_DIRECT_OBJC_ISA_USAGE = YES_ERROR;
				CLANG_WARN_DOCUMENTATION_COMMENTS = YES;
				CLANG_WARN_EMPTY_BODY = YES;
				CLANG_WARN_ENUM_CONVERSION = YES;
				CLANG_WARN_INFINITE_RECURSION = YES;
				CLANG_WARN_INT_CONVERSION = YES;
				CLANG_WARN_NON_LITERAL_NULL_CONVERSION = YES;
				CLANG_WARN_OBJC_IMPLICIT_RETAIN_SELF = YES;
				CLANG_WARN_OBJC_LITERAL_CONVERSION = YES;
				CLANG_WARN_OBJC_ROOT_CLASS = YES_ERROR;
				CLANG_WARN_QUOTED_INCLUDE_IN_FRAMEWORK_HEADER = YES;
				CLANG_WARN_RANGE_LOOP_ANALYSIS = YES;
				CLANG_WARN_STRICT_PROTOTYPES = YES;
				CLANG_WARN_SUSPICIOUS_MOVE = YES;
				CLANG_WARN_UNGUARDED_AVAILABILITY = YES_AGGRESSIVE;
				CLANG_WARN_UNREACHABLE_CODE = YES;
				CLANG_WARN__DUPLICATE_METHOD_MATCH = YES;
				COPY_PHASE_STRIP = NO;
				DEBUG_INFORMATION_FORMAT = "dwarf-with-dsym";
				ENABLE_NS_ASSERTIONS = NO;
				ENABLE_STRICT_OBJC_MSGSEND = YES;
				GCC_C_LANGUAGE_STANDARD = gnu11;
				GCC_NO_COMMON_BLOCKS = YES;
				GCC_WARN_64_TO_32_BIT_CONVERSION = YES;
				GCC_WARN_ABOUT_RETURN_TYPE = YES_ERROR;
				GCC_WARN_UNDECLARED_SELECTOR = YES;
				GCC_WARN_UNINITIALIZED_AUTOS = YES_AGGRESSIVE;
				GCC_WARN_UNUSED_FUNCTION = YES;
				GCC_WARN_UNUSED_VARIABLE = YES;
				MTL_ENABLE_DEBUG_INFO = NO;
				MTL_FAST_MATH = YES;
				SWIFT_COMPILATION_MODE = wholemodule;
				SWIFT_OPTIMIZATION_LEVEL = "-O";
			};
			name = Release;
		};
		736C76832A23DD1900CC2564 /* Debug */ = {
			isa = XCBuildConfiguration;
			buildSettings = {
				ASSETCATALOG_COMPILER_APPICON_NAME = AppIcon;
				ASSETCATALOG_COMPILER_GLOBAL_ACCENT_COLOR_NAME = AccentColor;
				CODE_SIGN_ENTITLEMENTS = "fake app/fake_app.entitlements";
				CODE_SIGN_STYLE = Automatic;
				CURRENT_PROJECT_VERSION = 1;
				DEVELOPMENT_ASSET_PATHS = "\"fake app/Preview Content\"";
				DEVELOPMENT_TEAM = 2EU826J5N7;
				ENABLE_HARDENED_RUNTIME = YES;
				ENABLE_PREVIEWS = YES;
				GENERATE_INFOPLIST_FILE = YES;
				"INFOPLIST_KEY_UIApplicationSceneManifest_Generation[sdk=iphoneos*]" = YES;
				"INFOPLIST_KEY_UIApplicationSceneManifest_Generation[sdk=iphonesimulator*]" = YES;
				"INFOPLIST_KEY_UIApplicationSupportsIndirectInputEvents[sdk=iphoneos*]" = YES;
				"INFOPLIST_KEY_UIApplicationSupportsIndirectInputEvents[sdk=iphonesimulator*]" = YES;
				"INFOPLIST_KEY_UILaunchScreen_Generation[sdk=iphoneos*]" = YES;
				"INFOPLIST_KEY_UILaunchScreen_Generation[sdk=iphonesimulator*]" = YES;
				"INFOPLIST_KEY_UIStatusBarStyle[sdk=iphoneos*]" = UIStatusBarStyleDefault;
				"INFOPLIST_KEY_UIStatusBarStyle[sdk=iphonesimulator*]" = UIStatusBarStyleDefault;
				INFOPLIST_KEY_UISupportedInterfaceOrientations_iPad = "UIInterfaceOrientationPortrait UIInterfaceOrientationPortraitUpsideDown UIInterfaceOrientationLandscapeLeft UIInterfaceOrientationLandscapeRight";
				INFOPLIST_KEY_UISupportedInterfaceOrientations_iPhone = "UIInterfaceOrientationPortrait UIInterfaceOrientationLandscapeLeft UIInterfaceOrientationLandscapeRight";
				IPHONEOS_DEPLOYMENT_TARGET = 16.4;
				LD_RUNPATH_SEARCH_PATHS = "@executable_path/Frameworks";
				"LD_RUNPATH_SEARCH_PATHS[sdk=macosx*]" = "@executable_path/../Frameworks";
				MACOSX_DEPLOYMENT_TARGET = 13.3;
				MARKETING_VERSION = 1.0;
				PRODUCT_BUNDLE_IDENTIFIER = "caroline-courtney.fake-app";
				PRODUCT_NAME = "$(TARGET_NAME)";
				SDKROOT = auto;
				SUPPORTED_PLATFORMS = "iphoneos iphonesimulator macosx";
				SWIFT_EMIT_LOC_STRINGS = YES;
				SWIFT_VERSION = 5.0;
				TARGETED_DEVICE_FAMILY = "1,2";
			};
			name = Debug;
		};
		736C76842A23DD1900CC2564 /* Release */ = {
			isa = XCBuildConfiguration;
			buildSettings = {
				ASSETCATALOG_COMPILER_APPICON_NAME = AppIcon;
				ASSETCATALOG_COMPILER_GLOBAL_ACCENT_COLOR_NAME = AccentColor;
				CODE_SIGN_ENTITLEMENTS = "fake app/fake_app.entitlements";
				CODE_SIGN_STYLE = Automatic;
				CURRENT_PROJECT_VERSION = 1;
				DEVELOPMENT_ASSET_PATHS = "\"fake app/Preview Content\"";
				DEVELOPMENT_TEAM = 2EU826J5N7;
				ENABLE_HARDENED_RUNTIME = YES;
				ENABLE_PREVIEWS = YES;
				GENERATE_INFOPLIST_FILE = YES;
				"INFOPLIST_KEY_UIApplicationSceneManifest_Generation[sdk=iphoneos*]" = YES;
				"INFOPLIST_KEY_UIApplicationSceneManifest_Generation[sdk=iphonesimulator*]" = YES;
				"INFOPLIST_KEY_UIApplicationSupportsIndirectInputEvents[sdk=iphoneos*]" = YES;
				"INFOPLIST_KEY_UIApplicationSupportsIndirectInputEvents[sdk=iphonesimulator*]" = YES;
				"INFOPLIST_KEY_UILaunchScreen_Generation[sdk=iphoneos*]" = YES;
				"INFOPLIST_KEY_UILaunchScreen_Generation[sdk=iphonesimulator*]" = YES;
				"INFOPLIST_KEY_UIStatusBarStyle[sdk=iphoneos*]" = UIStatusBarStyleDefault;
				"INFOPLIST_KEY_UIStatusBarStyle[sdk=iphonesimulator*]" = UIStatusBarStyleDefault;
				INFOPLIST_KEY_UISupportedInterfaceOrientations_iPad = "UIInterfaceOrientationPortrait UIInterfaceOrientationPortraitUpsideDown UIInterfaceOrientationLandscapeLeft UIInterfaceOrientationLandscapeRight";
				INFOPLIST_KEY_UISupportedInterfaceOrientations_iPhone = "UIInterfaceOrientationPortrait UIInterfaceOrientationLandscapeLeft UIInterfaceOrientationLandscapeRight";
				IPHONEOS_DEPLOYMENT_TARGET = 16.4;
				LD_RUNPATH_SEARCH_PATHS = "@executable_path/Frameworks";
				"LD_RUNPATH_SEARCH_PATHS[sdk=macosx*]" = "@executable_path/../Frameworks";
				MACOSX_DEPLOYMENT_TARGET = 13.3;
				MARKETING_VERSION = 1.0;
				PRODUCT_BUNDLE_IDENTIFIER = "caroline-courtney.fake-app";
				PRODUCT_NAME = "$(TARGET_NAME)";
				SDKROOT = auto;
				SUPPORTED_PLATFORMS = "iphoneos iphonesimulator macosx";
				SWIFT_EMIT_LOC_STRINGS = YES;
				SWIFT_VERSION = 5.0;
				TARGETED_DEVICE_FAMILY = "1,2";
			};
			name = Release;
		};
		736C76862A23DD1900CC2564 /* Debug */ = {
			isa = XCBuildConfiguration;
			buildSettings = {
				ALWAYS_EMBED_SWIFT_STANDARD_LIBRARIES = YES;
				BUNDLE_LOADER = "$(TEST_HOST)";
				CODE_SIGN_STYLE = Automatic;
				CURRENT_PROJECT_VERSION = 1;
				DEVELOPMENT_TEAM = 2EU826J5N7;
				GENERATE_INFOPLIST_FILE = YES;
				IPHONEOS_DEPLOYMENT_TARGET = 16.4;
				MACOSX_DEPLOYMENT_TARGET = 13.3;
				MARKETING_VERSION = 1.0;
				PRODUCT_BUNDLE_IDENTIFIER = "caroline-courtney.fake-appTests";
				PRODUCT_NAME = "$(TARGET_NAME)";
				SDKROOT = auto;
				SUPPORTED_PLATFORMS = "iphoneos iphonesimulator macosx";
				SWIFT_EMIT_LOC_STRINGS = NO;
				SWIFT_VERSION = 5.0;
				TARGETED_DEVICE_FAMILY = "1,2";
				TEST_HOST = "$(BUILT_PRODUCTS_DIR)/fake app.app/$(BUNDLE_EXECUTABLE_FOLDER_PATH)/fake app";
			};
			name = Debug;
		};
		736C76872A23DD1900CC2564 /* Release */ = {
			isa = XCBuildConfiguration;
			buildSettings = {
				ALWAYS_EMBED_SWIFT_STANDARD_LIBRARIES = YES;
				BUNDLE_LOADER = "$(TEST_HOST)";
				CODE_SIGN_STYLE = Automatic;
				CURRENT_PROJECT_VERSION = 1;
				DEVELOPMENT_TEAM = 2EU826J5N7;
				GENERATE_INFOPLIST_FILE = YES;
				IPHONEOS_DEPLOYMENT_TARGET = 16.4;
				MACOSX_DEPLOYMENT_TARGET = 13.3;
				MARKETING_VERSION = 1.0;
				PRODUCT_BUNDLE_IDENTIFIER = "caroline-courtney.fake-appTests";
				PRODUCT_NAME = "$(TARGET_NAME)";
				SDKROOT = auto;
				SUPPORTED_PLATFORMS = "iphoneos iphonesimulator macosx";
				SWIFT_EMIT_LOC_STRINGS = NO;
				SWIFT_VERSION = 5.0;
				TARGETED_DEVICE_FAMILY = "1,2";
				TEST_HOST = "$(BUILT_PRODUCTS_DIR)/fake app.app/$(BUNDLE_EXECUTABLE_FOLDER_PATH)/fake app";
			};
			name = Release;
		};
		736C76892A23DD1900CC2564 /* Debug */ = {
			isa = XCBuildConfiguration;
			buildSettings = {
				ALWAYS_EMBED_SWIFT_STANDARD_LIBRARIES = YES;
				CODE_SIGN_STYLE = Automatic;
				CURRENT_PROJECT_VERSION = 1;
				DEVELOPMENT_TEAM = 2EU826J5N7;
				GENERATE_INFOPLIST_FILE = YES;
				IPHONEOS_DEPLOYMENT_TARGET = 16.4;
				MACOSX_DEPLOYMENT_TARGET = 13.3;
				MARKETING_VERSION = 1.0;
				PRODUCT_BUNDLE_IDENTIFIER = "caroline-courtney.fake-appUITests";
				PRODUCT_NAME = "$(TARGET_NAME)";
				SDKROOT = auto;
				SUPPORTED_PLATFORMS = "iphoneos iphonesimulator macosx";
				SWIFT_EMIT_LOC_STRINGS = NO;
				SWIFT_VERSION = 5.0;
				TARGETED_DEVICE_FAMILY = "1,2";
				TEST_TARGET_NAME = "fake app";
			};
			name = Debug;
		};
		736C768A2A23DD1900CC2564 /* Release */ = {
			isa = XCBuildConfiguration;
			buildSettings = {
				ALWAYS_EMBED_SWIFT_STANDARD_LIBRARIES = YES;
				CODE_SIGN_STYLE = Automatic;
				CURRENT_PROJECT_VERSION = 1;
				DEVELOPMENT_TEAM = 2EU826J5N7;
				GENERATE_INFOPLIST_FILE = YES;
				IPHONEOS_DEPLOYMENT_TARGET = 16.4;
				MACOSX_DEPLOYMENT_TARGET = 13.3;
				MARKETING_VERSION = 1.0;
				PRODUCT_BUNDLE_IDENTIFIER = "caroline-courtney.fake-appUITests";
				PRODUCT_NAME = "$(TARGET_NAME)";
				SDKROOT = auto;
				SUPPORTED_PLATFORMS = "iphoneos iphonesimulator macosx";
				SWIFT_EMIT_LOC_STRINGS = NO;
				SWIFT_VERSION = 5.0;
				TARGETED_DEVICE_FAMILY = "1,2";
				TEST_TARGET_NAME = "fake app";
			};
			name = Release;
		};
/* End XCBuildConfiguration section */

/* Begin XCConfigurationList section */
		736C76582A23DD1800CC2564 /* Build configuration list for PBXProject "fake app" */ = {
			isa = XCConfigurationList;
			buildConfigurations = (
				736C76802A23DD1900CC2564 /* Debug */,
				736C76812A23DD1900CC2564 /* Release */,
			);
			defaultConfigurationIsVisible = 0;
			defaultConfigurationName = Release;
		};
		736C76822A23DD1900CC2564 /* Build configuration list for PBXNativeTarget "fake app" */ = {
			isa = XCConfigurationList;
			buildConfigurations = (
				736C76832A23DD1900CC2564 /* Debug */,
				736C76842A23DD1900CC2564 /* Release */,
			);
			defaultConfigurationIsVisible = 0;
			defaultConfigurationName = Release;
		};
		736C76852A23DD1900CC2564 /* Build configuration list for PBXNativeTarget "fake appTests" */ = {
			isa = XCConfigurationList;
			buildConfigurations = (
				736C76862A23DD1900CC2564 /* Debug */,
				736C76872A23DD1900CC2564 /* Release */,
			);
			defaultConfigurationIsVisible = 0;
			defaultConfigurationName = Release;
		};
		736C76882A23DD1900CC2564 /* Build configuration list for PBXNativeTarget "fake appUITests" */ = {
			isa = XCConfigurationList;
			buildConfigurations = (
				736C76892A23DD1900CC2564 /* Debug */,
				736C768A2A23DD1900CC2564 /* Release */,
			);
			defaultConfigurationIsVisible = 0;
			defaultConfigurationName = Release;
		};
/* End XCConfigurationList section */
	};
	rootObject = 736C76552A23DD1800CC2564 /* Project object */;
}
